// !$*UTF8*$!
{
	archiveVersion = 1;
	classes = {
	};
	objectVersion = 56;
	objects = {

/* Begin PBXBuildFile section */
		5E0085622ABBC8F500EDC1F4 /* littlelemonApp.swift in Sources */ = {isa = PBXBuildFile; fileRef = 5E0085612ABBC8F500EDC1F4 /* littlelemonApp.swift */; };
		5E0085642ABBC8F500EDC1F4 /* ContentView.swift in Sources */ = {isa = PBXBuildFile; fileRef = 5E0085632ABBC8F500EDC1F4 /* ContentView.swift */; };
		5E0085662ABBC8F800EDC1F4 /* Assets.xcassets in Resources */ = {isa = PBXBuildFile; fileRef = 5E0085652ABBC8F800EDC1F4 /* Assets.xcassets */; };
		5E0085692ABBC8F800EDC1F4 /* Preview Assets.xcassets in Resources */ = {isa = PBXBuildFile; fileRef = 5E0085682ABBC8F800EDC1F4 /* Preview Assets.xcassets */; };
		5E00856B2ABBC8F800EDC1F4 /* Persistence.swift in Sources */ = {isa = PBXBuildFile; fileRef = 5E00856A2ABBC8F800EDC1F4 /* Persistence.swift */; };
		5E00856E2ABBC8F800EDC1F4 /* littlelemon.xcdatamodeld in Sources */ = {isa = PBXBuildFile; fileRef = 5E00856C2ABBC8F800EDC1F4 /* littlelemon.xcdatamodeld */; };
		5E0085782ABBC8F900EDC1F4 /* littlelemonTests.swift in Sources */ = {isa = PBXBuildFile; fileRef = 5E0085772ABBC8F900EDC1F4 /* littlelemonTests.swift */; };
		5E0085822ABBC8F900EDC1F4 /* littlelemonUITests.swift in Sources */ = {isa = PBXBuildFile; fileRef = 5E0085812ABBC8F900EDC1F4 /* littlelemonUITests.swift */; };
		5E0085842ABBC8F900EDC1F4 /* littlelemonUITestsLaunchTests.swift in Sources */ = {isa = PBXBuildFile; fileRef = 5E0085832ABBC8F900EDC1F4 /* littlelemonUITestsLaunchTests.swift */; };
/* End PBXBuildFile section */

/* Begin PBXContainerItemProxy section */
		5E0085742ABBC8F900EDC1F4 /* PBXContainerItemProxy */ = {
			isa = PBXContainerItemProxy;
			containerPortal = 5E0085562ABBC8F400EDC1F4 /* Project object */;
			proxyType = 1;
			remoteGlobalIDString = 5E00855D2ABBC8F500EDC1F4;
			remoteInfo = littlelemon;
		};
		5E00857E2ABBC8F900EDC1F4 /* PBXContainerItemProxy */ = {
			isa = PBXContainerItemProxy;
			containerPortal = 5E0085562ABBC8F400EDC1F4 /* Project object */;
			proxyType = 1;
			remoteGlobalIDString = 5E00855D2ABBC8F500EDC1F4;
			remoteInfo = littlelemon;
		};
/* End PBXContainerItemProxy section */

/* Begin PBXFileReference section */
		5E00855E2ABBC8F500EDC1F4 /* littlelemon.app */ = {isa = PBXFileReference; explicitFileType = wrapper.application; includeInIndex = 0; path = littlelemon.app; sourceTree = BUILT_PRODUCTS_DIR; };
		5E0085612ABBC8F500EDC1F4 /* littlelemonApp.swift */ = {isa = PBXFileReference; lastKnownFileType = sourcecode.swift; path = littlelemonApp.swift; sourceTree = "<group>"; };
		5E0085632ABBC8F500EDC1F4 /* ContentView.swift */ = {isa = PBXFileReference; lastKnownFileType = sourcecode.swift; path = ContentView.swift; sourceTree = "<group>"; };
		5E0085652ABBC8F800EDC1F4 /* Assets.xcassets */ = {isa = PBXFileReference; lastKnownFileType = folder.assetcatalog; path = Assets.xcassets; sourceTree = "<group>"; };
		5E0085682ABBC8F800EDC1F4 /* Preview Assets.xcassets */ = {isa = PBXFileReference; lastKnownFileType = folder.assetcatalog; path = "Preview Assets.xcassets"; sourceTree = "<group>"; };
		5E00856A2ABBC8F800EDC1F4 /* Persistence.swift */ = {isa = PBXFileReference; lastKnownFileType = sourcecode.swift; path = Persistence.swift; sourceTree = "<group>"; };
		5E00856D2ABBC8F800EDC1F4 /* littlelemon.xcdatamodel */ = {isa = PBXFileReference; lastKnownFileType = wrapper.xcdatamodel; path = littlelemon.xcdatamodel; sourceTree = "<group>"; };
		5E0085732ABBC8F900EDC1F4 /* littlelemonTests.xctest */ = {isa = PBXFileReference; explicitFileType = wrapper.cfbundle; includeInIndex = 0; path = littlelemonTests.xctest; sourceTree = BUILT_PRODUCTS_DIR; };
		5E0085772ABBC8F900EDC1F4 /* littlelemonTests.swift */ = {isa = PBXFileReference; lastKnownFileType = sourcecode.swift; path = littlelemonTests.swift; sourceTree = "<group>"; };
		5E00857D2ABBC8F900EDC1F4 /* littlelemonUITests.xctest */ = {isa = PBXFileReference; explicitFileType = wrapper.cfbundle; includeInIndex = 0; path = littlelemonUITests.xctest; sourceTree = BUILT_PRODUCTS_DIR; };
		5E0085812ABBC8F900EDC1F4 /* littlelemonUITests.swift */ = {isa = PBXFileReference; lastKnownFileType = sourcecode.swift; path = littlelemonUITests.swift; sourceTree = "<group>"; };
		5E0085832ABBC8F900EDC1F4 /* littlelemonUITestsLaunchTests.swift */ = {isa = PBXFileReference; lastKnownFileType = sourcecode.swift; path = littlelemonUITestsLaunchTests.swift; sourceTree = "<group>"; };
/* End PBXFileReference section */

/* Begin PBXFrameworksBuildPhase section */
		5E00855B2ABBC8F500EDC1F4 /* Frameworks */ = {
			isa = PBXFrameworksBuildPhase;
			buildActionMask = 2147483647;
			files = (
			);
			runOnlyForDeploymentPostprocessing = 0;
		};
		5E0085702ABBC8F900EDC1F4 /* Frameworks */ = {
			isa = PBXFrameworksBuildPhase;
			buildActionMask = 2147483647;
			files = (
			);
			runOnlyForDeploymentPostprocessing = 0;
		};
		5E00857A2ABBC8F900EDC1F4 /* Frameworks */ = {
			isa = PBXFrameworksBuildPhase;
			buildActionMask = 2147483647;
			files = (
			);
			runOnlyForDeploymentPostprocessing = 0;
		};
/* End PBXFrameworksBuildPhase section */

/* Begin PBXGroup section */
		5E0085552ABBC8F400EDC1F4 = {
			isa = PBXGroup;
			children = (
				5E0085602ABBC8F500EDC1F4 /* littlelemon */,
				5E0085762ABBC8F900EDC1F4 /* littlelemonTests */,
				5E0085802ABBC8F900EDC1F4 /* littlelemonUITests */,
				5E00855F2ABBC8F500EDC1F4 /* Products */,
			);
			sourceTree = "<group>";
		};
		5E00855F2ABBC8F500EDC1F4 /* Products */ = {
			isa = PBXGroup;
			children = (
				5E00855E2ABBC8F500EDC1F4 /* littlelemon.app */,
				5E0085732ABBC8F900EDC1F4 /* littlelemonTests.xctest */,
				5E00857D2ABBC8F900EDC1F4 /* littlelemonUITests.xctest */,
			);
			name = Products;
			sourceTree = "<group>";
		};
		5E0085602ABBC8F500EDC1F4 /* littlelemon */ = {
			isa = PBXGroup;
			children = (
				5E0085612ABBC8F500EDC1F4 /* littlelemonApp.swift */,
				5E0085632ABBC8F500EDC1F4 /* ContentView.swift */,
				5E0085652ABBC8F800EDC1F4 /* Assets.xcassets */,
				5E00856A2ABBC8F800EDC1F4 /* Persistence.swift */,
				5E00856C2ABBC8F800EDC1F4 /* littlelemon.xcdatamodeld */,
				5E0085672ABBC8F800EDC1F4 /* Preview Content */,
			);
			path = littlelemon;
			sourceTree = "<group>";
		};
		5E0085672ABBC8F800EDC1F4 /* Preview Content */ = {
			isa = PBXGroup;
			children = (
				5E0085682ABBC8F800EDC1F4 /* Preview Assets.xcassets */,
			);
			path = "Preview Content";
			sourceTree = "<group>";
		};
		5E0085762ABBC8F900EDC1F4 /* littlelemonTests */ = {
			isa = PBXGroup;
			children = (
				5E0085772ABBC8F900EDC1F4 /* littlelemonTests.swift */,
			);
			path = littlelemonTests;
			sourceTree = "<group>";
		};
		5E0085802ABBC8F900EDC1F4 /* littlelemonUITests */ = {
			isa = PBXGroup;
			children = (
				5E0085812ABBC8F900EDC1F4 /* littlelemonUITests.swift */,
				5E0085832ABBC8F900EDC1F4 /* littlelemonUITestsLaunchTests.swift */,
			);
			path = littlelemonUITests;
			sourceTree = "<group>";
		};
/* End PBXGroup section */

/* Begin PBXNativeTarget section */
		5E00855D2ABBC8F500EDC1F4 /* littlelemon */ = {
			isa = PBXNativeTarget;
			buildConfigurationList = 5E0085872ABBC8F900EDC1F4 /* Build configuration list for PBXNativeTarget "littlelemon" */;
			buildPhases = (
				5E00855A2ABBC8F500EDC1F4 /* Sources */,
				5E00855B2ABBC8F500EDC1F4 /* Frameworks */,
				5E00855C2ABBC8F500EDC1F4 /* Resources */,
			);
			buildRules = (
			);
			dependencies = (
			);
			name = littlelemon;
			productName = littlelemon;
			productReference = 5E00855E2ABBC8F500EDC1F4 /* littlelemon.app */;
			productType = "com.apple.product-type.application";
		};
		5E0085722ABBC8F900EDC1F4 /* littlelemonTests */ = {
			isa = PBXNativeTarget;
			buildConfigurationList = 5E00858A2ABBC8F900EDC1F4 /* Build configuration list for PBXNativeTarget "littlelemonTests" */;
			buildPhases = (
				5E00856F2ABBC8F900EDC1F4 /* Sources */,
				5E0085702ABBC8F900EDC1F4 /* Frameworks */,
				5E0085712ABBC8F900EDC1F4 /* Resources */,
			);
			buildRules = (
			);
			dependencies = (
				5E0085752ABBC8F900EDC1F4 /* PBXTargetDependency */,
			);
			name = littlelemonTests;
			productName = littlelemonTests;
			productReference = 5E0085732ABBC8F900EDC1F4 /* littlelemonTests.xctest */;
			productType = "com.apple.product-type.bundle.unit-test";
		};
		5E00857C2ABBC8F900EDC1F4 /* littlelemonUITests */ = {
			isa = PBXNativeTarget;
			buildConfigurationList = 5E00858D2ABBC8F900EDC1F4 /* Build configuration list for PBXNativeTarget "littlelemonUITests" */;
			buildPhases = (
				5E0085792ABBC8F900EDC1F4 /* Sources */,
				5E00857A2ABBC8F900EDC1F4 /* Frameworks */,
				5E00857B2ABBC8F900EDC1F4 /* Resources */,
			);
			buildRules = (
			);
			dependencies = (
				5E00857F2ABBC8F900EDC1F4 /* PBXTargetDependency */,
			);
			name = littlelemonUITests;
			productName = littlelemonUITests;
			productReference = 5E00857D2ABBC8F900EDC1F4 /* littlelemonUITests.xctest */;
			productType = "com.apple.product-type.bundle.ui-testing";
		};
/* End PBXNativeTarget section */

/* Begin PBXProject section */
		5E0085562ABBC8F400EDC1F4 /* Project object */ = {
			isa = PBXProject;
			attributes = {
				BuildIndependentTargetsInParallel = 1;
				LastSwiftUpdateCheck = 1500;
				LastUpgradeCheck = 1500;
				TargetAttributes = {
					5E00855D2ABBC8F500EDC1F4 = {
						CreatedOnToolsVersion = 15.0;
					};
					5E0085722ABBC8F900EDC1F4 = {
						CreatedOnToolsVersion = 15.0;
						TestTargetID = 5E00855D2ABBC8F500EDC1F4;
					};
					5E00857C2ABBC8F900EDC1F4 = {
						CreatedOnToolsVersion = 15.0;
						TestTargetID = 5E00855D2ABBC8F500EDC1F4;
					};
				};
			};
			buildConfigurationList = 5E0085592ABBC8F400EDC1F4 /* Build configuration list for PBXProject "littlelemon" */;
			compatibilityVersion = "Xcode 14.0";
			developmentRegion = en;
			hasScannedForEncodings = 0;
			knownRegions = (
				en,
				Base,
			);
			mainGroup = 5E0085552ABBC8F400EDC1F4;
			productRefGroup = 5E00855F2ABBC8F500EDC1F4 /* Products */;
			projectDirPath = "";
			projectRoot = "";
			targets = (
				5E00855D2ABBC8F500EDC1F4 /* littlelemon */,
				5E0085722ABBC8F900EDC1F4 /* littlelemonTests */,
				5E00857C2ABBC8F900EDC1F4 /* littlelemonUITests */,
			);
		};
/* End PBXProject section */

/* Begin PBXResourcesBuildPhase section */
		5E00855C2ABBC8F500EDC1F4 /* Resources */ = {
			isa = PBXResourcesBuildPhase;
			buildActionMask = 2147483647;
			files = (
				5E0085692ABBC8F800EDC1F4 /* Preview Assets.xcassets in Resources */,
				5E0085662ABBC8F800EDC1F4 /* Assets.xcassets in Resources */,
			);
			runOnlyForDeploymentPostprocessing = 0;
		};
		5E0085712ABBC8F900EDC1F4 /* Resources */ = {
			isa = PBXResourcesBuildPhase;
			buildActionMask = 2147483647;
			files = (
			);
			runOnlyForDeploymentPostprocessing = 0;
		};
		5E00857B2ABBC8F900EDC1F4 /* Resources */ = {
			isa = PBXResourcesBuildPhase;
			buildActionMask = 2147483647;
			files = (
			);
			runOnlyForDeploymentPostprocessing = 0;
		};
/* End PBXResourcesBuildPhase section */

/* Begin PBXSourcesBuildPhase section */
		5E00855A2ABBC8F500EDC1F4 /* Sources */ = {
			isa = PBXSourcesBuildPhase;
			buildActionMask = 2147483647;
			files = (
				5E00856B2ABBC8F800EDC1F4 /* Persistence.swift in Sources */,
				5E00856E2ABBC8F800EDC1F4 /* littlelemon.xcdatamodeld in Sources */,
				5E0085642ABBC8F500EDC1F4 /* ContentView.swift in Sources */,
				5E0085622ABBC8F500EDC1F4 /* littlelemonApp.swift in Sources */,
			);
			runOnlyForDeploymentPostprocessing = 0;
		};
		5E00856F2ABBC8F900EDC1F4 /* Sources */ = {
			isa = PBXSourcesBuildPhase;
			buildActionMask = 2147483647;
			files = (
				5E0085782ABBC8F900EDC1F4 /* littlelemonTests.swift in Sources */,
			);
			runOnlyForDeploymentPostprocessing = 0;
		};
		5E0085792ABBC8F900EDC1F4 /* Sources */ = {
			isa = PBXSourcesBuildPhase;
			buildActionMask = 2147483647;
			files = (
				5E0085842ABBC8F900EDC1F4 /* littlelemonUITestsLaunchTests.swift in Sources */,
				5E0085822ABBC8F900EDC1F4 /* littlelemonUITests.swift in Sources */,
			);
			runOnlyForDeploymentPostprocessing = 0;
		};
/* End PBXSourcesBuildPhase section */

/* Begin PBXTargetDependency section */
		5E0085752ABBC8F900EDC1F4 /* PBXTargetDependency */ = {
			isa = PBXTargetDependency;
			target = 5E00855D2ABBC8F500EDC1F4 /* littlelemon */;
			targetProxy = 5E0085742ABBC8F900EDC1F4 /* PBXContainerItemProxy */;
		};
		5E00857F2ABBC8F900EDC1F4 /* PBXTargetDependency */ = {
			isa = PBXTargetDependency;
			target = 5E00855D2ABBC8F500EDC1F4 /* littlelemon */;
			targetProxy = 5E00857E2ABBC8F900EDC1F4 /* PBXContainerItemProxy */;
		};
/* End PBXTargetDependency section */

/* Begin XCBuildConfiguration section */
		5E0085852ABBC8F900EDC1F4 /* Debug */ = {
			isa = XCBuildConfiguration;
			buildSettings = {
				ALWAYS_SEARCH_USER_PATHS = NO;
				ASSETCATALOG_COMPILER_GENERATE_SWIFT_ASSET_SYMBOL_EXTENSIONS = YES;
				CLANG_ANALYZER_NONNULL = YES;
				CLANG_ANALYZER_NUMBER_OBJECT_CONVERSION = YES_AGGRESSIVE;
				CLANG_CXX_LANGUAGE_STANDARD = "gnu++20";
				CLANG_ENABLE_MODULES = YES;
				CLANG_ENABLE_OBJC_ARC = YES;
				CLANG_ENABLE_OBJC_WEAK = YES;
				CLANG_WARN_BLOCK_CAPTURE_AUTORELEASING = YES;
				CLANG_WARN_BOOL_CONVERSION = YES;
				CLANG_WARN_COMMA = YES;
				CLANG_WARN_CONSTANT_CONVERSION = YES;
				CLANG_WARN_DEPRECATED_OBJC_IMPLEMENTATIONS = YES;
				CLANG_WARN_DIRECT_OBJC_ISA_USAGE = YES_ERROR;
				CLANG_WARN_DOCUMENTATION_COMMENTS = YES;
				CLANG_WARN_EMPTY_BODY = YES;
				CLANG_WARN_ENUM_CONVERSION = YES;
				CLANG_WARN_INFINITE_RECURSION = YES;
				CLANG_WARN_INT_CONVERSION = YES;
				CLANG_WARN_NON_LITERAL_NULL_CONVERSION = YES;
				CLANG_WARN_OBJC_IMPLICIT_RETAIN_SELF = YES;
				CLANG_WARN_OBJC_LITERAL_CONVERSION = YES;
				CLANG_WARN_OBJC_ROOT_CLASS = YES_ERROR;
				CLANG_WARN_QUOTED_INCLUDE_IN_FRAMEWORK_HEADER = YES;
				CLANG_WARN_RANGE_LOOP_ANALYSIS = YES;
				CLANG_WARN_STRICT_PROTOTYPES = YES;
				CLANG_WARN_SUSPICIOUS_MOVE = YES;
				CLANG_WARN_UNGUARDED_AVAILABILITY = YES_AGGRESSIVE;
				CLANG_WARN_UNREACHABLE_CODE = YES;
				CLANG_WARN__DUPLICATE_METHOD_MATCH = YES;
				COPY_PHASE_STRIP = NO;
				DEBUG_INFORMATION_FORMAT = dwarf;
				ENABLE_STRICT_OBJC_MSGSEND = YES;
				ENABLE_TESTABILITY = YES;
				ENABLE_USER_SCRIPT_SANDBOXING = YES;
				GCC_C_LANGUAGE_STANDARD = gnu17;
				GCC_DYNAMIC_NO_PIC = NO;
				GCC_NO_COMMON_BLOCKS = YES;
				GCC_OPTIMIZATION_LEVEL = 0;
				GCC_PREPROCESSOR_DEFINITIONS = (
					"DEBUG=1",
					"$(inherited)",
				);
				GCC_WARN_64_TO_32_BIT_CONVERSION = YES;
				GCC_WARN_ABOUT_RETURN_TYPE = YES_ERROR;
				GCC_WARN_UNDECLARED_SELECTOR = YES;
				GCC_WARN_UNINITIALIZED_AUTOS = YES_AGGRESSIVE;
				GCC_WARN_UNUSED_FUNCTION = YES;
				GCC_WARN_UNUSED_VARIABLE = YES;
				IPHONEOS_DEPLOYMENT_TARGET = 17.0;
				LOCALIZATION_PREFERS_STRING_CATALOGS = YES;
				MTL_ENABLE_DEBUG_INFO = INCLUDE_SOURCE;
				MTL_FAST_MATH = YES;
				ONLY_ACTIVE_ARCH = YES;
				SDKROOT = iphoneos;
				SWIFT_ACTIVE_COMPILATION_CONDITIONS = "DEBUG $(inherited)";
				SWIFT_OPTIMIZATION_LEVEL = "-Onone";
			};
			name = Debug;
		};
		5E0085862ABBC8F900EDC1F4 /* Release */ = {
			isa = XCBuildConfiguration;
			buildSettings = {
				ALWAYS_SEARCH_USER_PATHS = NO;
				ASSETCATALOG_COMPILER_GENERATE_SWIFT_ASSET_SYMBOL_EXTENSIONS = YES;
				CLANG_ANALYZER_NONNULL = YES;
				CLANG_ANALYZER_NUMBER_OBJECT_CONVERSION = YES_AGGRESSIVE;
				CLANG_CXX_LANGUAGE_STANDARD = "gnu++20";
				CLANG_ENABLE_MODULES = YES;
				CLANG_ENABLE_OBJC_ARC = YES;
				CLANG_ENABLE_OBJC_WEAK = YES;
				CLANG_WARN_BLOCK_CAPTURE_AUTORELEASING = YES;
				CLANG_WARN_BOOL_CONVERSION = YES;
				CLANG_WARN_COMMA = YES;
				CLANG_WARN_CONSTANT_CONVERSION = YES;
				CLANG_WARN_DEPRECATED_OBJC_IMPLEMENTATIONS = YES;
				CLANG_WARN_DIRECT_OBJC_ISA_USAGE = YES_ERROR;
				CLANG_WARN_DOCUMENTATION_COMMENTS = YES;
				CLANG_WARN_EMPTY_BODY = YES;
				CLANG_WARN_ENUM_CONVERSION = YES;
				CLANG_WARN_INFINITE_RECURSION = YES;
				CLANG_WARN_INT_CONVERSION = YES;
				CLANG_WARN_NON_LITERAL_NULL_CONVERSION = YES;
				CLANG_WARN_OBJC_IMPLICIT_RETAIN_SELF = YES;
				CLANG_WARN_OBJC_LITERAL_CONVERSION = YES;
				CLANG_WARN_OBJC_ROOT_CLASS = YES_ERROR;
				CLANG_WARN_QUOTED_INCLUDE_IN_FRAMEWORK_HEADER = YES;
				CLANG_WARN_RANGE_LOOP_ANALYSIS = YES;
				CLANG_WARN_STRICT_PROTOTYPES = YES;
				CLANG_WARN_SUSPICIOUS_MOVE = YES;
				CLANG_WARN_UNGUARDED_AVAILABILITY = YES_AGGRESSIVE;
				CLANG_WARN_UNREACHABLE_CODE = YES;
				CLANG_WARN__DUPLICATE_METHOD_MATCH = YES;
				COPY_PHASE_STRIP = NO;
				DEBUG_INFORMATION_FORMAT = "dwarf-with-dsym";
				ENABLE_NS_ASSERTIONS = NO;
				ENABLE_STRICT_OBJC_MSGSEND = YES;
				ENABLE_USER_SCRIPT_SANDBOXING = YES;
				GCC_C_LANGUAGE_STANDARD = gnu17;
				GCC_NO_COMMON_BLOCKS = YES;
				GCC_WARN_64_TO_32_BIT_CONVERSION = YES;
				GCC_WARN_ABOUT_RETURN_TYPE = YES_ERROR;
				GCC_WARN_UNDECLARED_SELECTOR = YES;
				GCC_WARN_UNINITIALIZED_AUTOS = YES_AGGRESSIVE;
				GCC_WARN_UNUSED_FUNCTION = YES;
				GCC_WARN_UNUSED_VARIABLE = YES;
				IPHONEOS_DEPLOYMENT_TARGET = 17.0;
				LOCALIZATION_PREFERS_STRING_CATALOGS = YES;
				MTL_ENABLE_DEBUG_INFO = NO;
				MTL_FAST_MATH = YES;
				SDKROOT = iphoneos;
				SWIFT_COMPILATION_MODE = wholemodule;
				VALIDATE_PRODUCT = YES;
			};
			name = Release;
		};
		5E0085882ABBC8F900EDC1F4 /* Debug */ = {
			isa = XCBuildConfiguration;
			buildSettings = {
				ASSETCATALOG_COMPILER_APPICON_NAME = AppIcon;
				ASSETCATALOG_COMPILER_GLOBAL_ACCENT_COLOR_NAME = AccentColor;
				CODE_SIGN_STYLE = Automatic;
				CURRENT_PROJECT_VERSION = 1;
				DEVELOPMENT_ASSET_PATHS = "\"littlelemon/Preview Content\"";
				DEVELOPMENT_TEAM = TJY24665B8;
				ENABLE_PREVIEWS = YES;
				GENERATE_INFOPLIST_FILE = YES;
				INFOPLIST_KEY_UIApplicationSceneManifest_Generation = YES;
				INFOPLIST_KEY_UIApplicationSupportsIndirectInputEvents = YES;
				INFOPLIST_KEY_UILaunchScreen_Generation = YES;
				INFOPLIST_KEY_UISupportedInterfaceOrientations_iPad = "UIInterfaceOrientationPortrait UIInterfaceOrientationPortraitUpsideDown UIInterfaceOrientationLandscapeLeft UIInterfaceOrientationLandscapeRight";
				INFOPLIST_KEY_UISupportedInterfaceOrientations_iPhone = "UIInterfaceOrientationPortrait UIInterfaceOrientationLandscapeLeft UIInterfaceOrientationLandscapeRight";
				LD_RUNPATH_SEARCH_PATHS = (
					"$(inherited)",
					"@executable_path/Frameworks",
				);
				MARKETING_VERSION = 1.0;
				PRODUCT_BUNDLE_IDENTIFIER = "George-Zervos.littlelemon";
				PRODUCT_NAME = "$(TARGET_NAME)";
				SWIFT_EMIT_LOC_STRINGS = YES;
				SWIFT_VERSION = 5.0;
				TARGETED_DEVICE_FAMILY = "1,2";
			};
			name = Debug;
		};
		5E0085892ABBC8F900EDC1F4 /* Release */ = {
			isa = XCBuildConfiguration;
			buildSettings = {
				ASSETCATALOG_COMPILER_APPICON_NAME = AppIcon;
				ASSETCATALOG_COMPILER_GLOBAL_ACCENT_COLOR_NAME = AccentColor;
				CODE_SIGN_STYLE = Automatic;
				CURRENT_PROJECT_VERSION = 1;
				DEVELOPMENT_ASSET_PATHS = "\"littlelemon/Preview Content\"";
				DEVELOPMENT_TEAM = TJY24665B8;
				ENABLE_PREVIEWS = YES;
				GENERATE_INFOPLIST_FILE = YES;
				INFOPLIST_KEY_UIApplicationSceneManifest_Generation = YES;
				INFOPLIST_KEY_UIApplicationSupportsIndirectInputEvents = YES;
				INFOPLIST_KEY_UILaunchScreen_Generation = YES;
				INFOPLIST_KEY_UISupportedInterfaceOrientations_iPad = "UIInterfaceOrientationPortrait UIInterfaceOrientationPortraitUpsideDown UIInterfaceOrientationLandscapeLeft UIInterfaceOrientationLandscapeRight";
				INFOPLIST_KEY_UISupportedInterfaceOrientations_iPhone = "UIInterfaceOrientationPortrait UIInterfaceOrientationLandscapeLeft UIInterfaceOrientationLandscapeRight";
				LD_RUNPATH_SEARCH_PATHS = (
					"$(inherited)",
					"@executable_path/Frameworks",
				);
				MARKETING_VERSION = 1.0;
				PRODUCT_BUNDLE_IDENTIFIER = "George-Zervos.littlelemon";
				PRODUCT_NAME = "$(TARGET_NAME)";
				SWIFT_EMIT_LOC_STRINGS = YES;
				SWIFT_VERSION = 5.0;
				TARGETED_DEVICE_FAMILY = "1,2";
			};
			name = Release;
		};
		5E00858B2ABBC8F900EDC1F4 /* Debug */ = {
			isa = XCBuildConfiguration;
			buildSettings = {
				ALWAYS_EMBED_SWIFT_STANDARD_LIBRARIES = YES;
				BUNDLE_LOADER = "$(TEST_HOST)";
				CODE_SIGN_STYLE = Automatic;
				CURRENT_PROJECT_VERSION = 1;
				DEVELOPMENT_TEAM = TJY24665B8;
				GENERATE_INFOPLIST_FILE = YES;
				IPHONEOS_DEPLOYMENT_TARGET = 17.0;
				MARKETING_VERSION = 1.0;
				PRODUCT_BUNDLE_IDENTIFIER = "George-Zervos.littlelemonTests";
				PRODUCT_NAME = "$(TARGET_NAME)";
				SWIFT_EMIT_LOC_STRINGS = NO;
				SWIFT_VERSION = 5.0;
				TARGETED_DEVICE_FAMILY = "1,2";
				TEST_HOST = "$(BUILT_PRODUCTS_DIR)/littlelemon.app/$(BUNDLE_EXECUTABLE_FOLDER_PATH)/littlelemon";
			};
			name = Debug;
		};
		5E00858C2ABBC8F900EDC1F4 /* Release */ = {
			isa = XCBuildConfiguration;
			buildSettings = {
				ALWAYS_EMBED_SWIFT_STANDARD_LIBRARIES = YES;
				BUNDLE_LOADER = "$(TEST_HOST)";
				CODE_SIGN_STYLE = Automatic;
				CURRENT_PROJECT_VERSION = 1;
				DEVELOPMENT_TEAM = TJY24665B8;
				GENERATE_INFOPLIST_FILE = YES;
				IPHONEOS_DEPLOYMENT_TARGET = 17.0;
				MARKETING_VERSION = 1.0;
				PRODUCT_BUNDLE_IDENTIFIER = "George-Zervos.littlelemonTests";
				PRODUCT_NAME = "$(TARGET_NAME)";
				SWIFT_EMIT_LOC_STRINGS = NO;
				SWIFT_VERSION = 5.0;
				TARGETED_DEVICE_FAMILY = "1,2";
				TEST_HOST = "$(BUILT_PRODUCTS_DIR)/littlelemon.app/$(BUNDLE_EXECUTABLE_FOLDER_PATH)/littlelemon";
			};
			name = Release;
		};
		5E00858E2ABBC8F900EDC1F4 /* Debug */ = {
			isa = XCBuildConfiguration;
			buildSettings = {
				ALWAYS_EMBED_SWIFT_STANDARD_LIBRARIES = YES;
				CODE_SIGN_STYLE = Automatic;
				CURRENT_PROJECT_VERSION = 1;
				DEVELOPMENT_TEAM = TJY24665B8;
				GENERATE_INFOPLIST_FILE = YES;
				MARKETING_VERSION = 1.0;
				PRODUCT_BUNDLE_IDENTIFIER = "George-Zervos.littlelemonUITests";
				PRODUCT_NAME = "$(TARGET_NAME)";
				SWIFT_EMIT_LOC_STRINGS = NO;
				SWIFT_VERSION = 5.0;
				TARGETED_DEVICE_FAMILY = "1,2";
				TEST_TARGET_NAME = littlelemon;
			};
			name = Debug;
		};
		5E00858F2ABBC8F900EDC1F4 /* Release */ = {
			isa = XCBuildConfiguration;
			buildSettings = {
				ALWAYS_EMBED_SWIFT_STANDARD_LIBRARIES = YES;
				CODE_SIGN_STYLE = Automatic;
				CURRENT_PROJECT_VERSION = 1;
				DEVELOPMENT_TEAM = TJY24665B8;
				GENERATE_INFOPLIST_FILE = YES;
				MARKETING_VERSION = 1.0;
				PRODUCT_BUNDLE_IDENTIFIER = "George-Zervos.littlelemonUITests";
				PRODUCT_NAME = "$(TARGET_NAME)";
				SWIFT_EMIT_LOC_STRINGS = NO;
				SWIFT_VERSION = 5.0;
				TARGETED_DEVICE_FAMILY = "1,2";
				TEST_TARGET_NAME = littlelemon;
			};
			name = Release;
		};
/* End XCBuildConfiguration section */

/* Begin XCConfigurationList section */
		5E0085592ABBC8F400EDC1F4 /* Build configuration list for PBXProject "littlelemon" */ = {
			isa = XCConfigurationList;
			buildConfigurations = (
				5E0085852ABBC8F900EDC1F4 /* Debug */,
				5E0085862ABBC8F900EDC1F4 /* Release */,
			);
			defaultConfigurationIsVisible = 0;
			defaultConfigurationName = Release;
		};
		5E0085872ABBC8F900EDC1F4 /* Build configuration list for PBXNativeTarget "littlelemon" */ = {
			isa = XCConfigurationList;
			buildConfigurations = (
				5E0085882ABBC8F900EDC1F4 /* Debug */,
				5E0085892ABBC8F900EDC1F4 /* Release */,
			);
			defaultConfigurationIsVisible = 0;
			defaultConfigurationName = Release;
		};
		5E00858A2ABBC8F900EDC1F4 /* Build configuration list for PBXNativeTarget "littlelemonTests" */ = {
			isa = XCConfigurationList;
			buildConfigurations = (
				5E00858B2ABBC8F900EDC1F4 /* Debug */,
				5E00858C2ABBC8F900EDC1F4 /* Release */,
			);
			defaultConfigurationIsVisible = 0;
			defaultConfigurationName = Release;
		};
		5E00858D2ABBC8F900EDC1F4 /* Build configuration list for PBXNativeTarget "littlelemonUITests" */ = {
			isa = XCConfigurationList;
			buildConfigurations = (
				5E00858E2ABBC8F900EDC1F4 /* Debug */,
				5E00858F2ABBC8F900EDC1F4 /* Release */,
			);
			defaultConfigurationIsVisible = 0;
			defaultConfigurationName = Release;
		};
/* End XCConfigurationList section */

/* Begin XCVersionGroup section */
		5E00856C2ABBC8F800EDC1F4 /* littlelemon.xcdatamodeld */ = {
			isa = XCVersionGroup;
			children = (
				5E00856D2ABBC8F800EDC1F4 /* littlelemon.xcdatamodel */,
			);
			currentVersion = 5E00856D2ABBC8F800EDC1F4 /* littlelemon.xcdatamodel */;
			path = littlelemon.xcdatamodeld;
			sourceTree = "<group>";
			versionGroupType = wrapper.xcdatamodel;
		};
/* End XCVersionGroup section */
	};
	rootObject = 5E0085562ABBC8F400EDC1F4 /* Project object */;
}
